
Microsoft Visual Studio Solution File, Format Version 12.00
# Visual Studio Version 17
VisualStudioVersion = 17.4.33213.308
MinimumVisualStudioVersion = 10.0.40219.1
Project("{FAE04EC0-301F-11D3-BF4B-00C04F79EFBC}") = "LTGD_BTTH_C4_Part2", "LTGD_BTTH_C4_Part2\LTGD_BTTH_C4_Part2.csproj", "{D2557FA6-E4E8-4A8B-AFA8-54CA52572DE5}"
EndProject
Global
	GlobalSection(SolutionConfigurationPlatforms) = preSolution
		Debug|Any CPU = Debug|Any CPU
		Release|Any CPU = Release|Any CPU
	EndGlobalSection
	GlobalSection(ProjectConfigurationPlatforms) = postSolution
		{D2557FA6-E4E8-4A8B-AFA8-54CA52572DE5}.Debug|Any CPU.ActiveCfg = Debug|Any CPU
		{D2557FA6-E4E8-4A8B-AFA8-54CA52572DE5}.Debug|Any CPU.Build.0 = Debug|Any CPU
		{D2557FA6-E4E8-4A8B-AFA8-54CA52572DE5}.Release|Any CPU.ActiveCfg = Release|Any CPU
		{D2557FA6-E4E8-4A8B-AFA8-54CA52572DE5}.Release|Any CPU.Build.0 = Release|Any CPU
	EndGlobalSection
	GlobalSection(SolutionProperties) = preSolution
		HideSolutionNode = FALSE
	EndGlobalSection
	GlobalSection(ExtensibilityGlobals) = postSolution
		SolutionGuid = {FFD9268A-6400-4931-B6CE-7DC2043E2D69}
	EndGlobalSection
EndGlobal
