
Microsoft Visual Studio Solution File, Format Version 12.00
# Visual Studio Version 16
VisualStudioVersion = 16.0.31729.503
MinimumVisualStudioVersion = 10.0.40219.1
Project("{FAE04EC0-301F-11D3-BF4B-00C04F79EFBC}") = "CT_QuaySo", "CT_QuaySo\CT_QuaySo.csproj", "{1EF8DB2A-ED49-4F6C-AB00-5FE2D5AB52B8}"
EndProject
Global
	GlobalSection(SolutionConfigurationPlatforms) = preSolution
		Debug|Any CPU = Debug|Any CPU
		Release|Any CPU = Release|Any CPU
	EndGlobalSection
	GlobalSection(ProjectConfigurationPlatforms) = postSolution
		{1EF8DB2A-ED49-4F6C-AB00-5FE2D5AB52B8}.Debug|Any CPU.ActiveCfg = Debug|Any CPU
		{1EF8DB2A-ED49-4F6C-AB00-5FE2D5AB52B8}.Debug|Any CPU.Build.0 = Debug|Any CPU
		{1EF8DB2A-ED49-4F6C-AB00-5FE2D5AB52B8}.Release|Any CPU.ActiveCfg = Release|Any CPU
		{1EF8DB2A-ED49-4F6C-AB00-5FE2D5AB52B8}.Release|Any CPU.Build.0 = Release|Any CPU
	EndGlobalSection
	GlobalSection(SolutionProperties) = preSolution
		HideSolutionNode = FALSE
	EndGlobalSection
	GlobalSection(ExtensibilityGlobals) = postSolution
		SolutionGuid = {BA0ED996-4429-4264-B309-0C153B6B1839}
	EndGlobalSection
EndGlobal
