
Microsoft Visual Studio Solution File, Format Version 12.00
# Visual Studio Version 16
VisualStudioVersion = 16.0.33214.272
MinimumVisualStudioVersion = 10.0.40219.1
Project("{FAE04EC0-301F-11D3-BF4B-00C04F79EFBC}") = "BTH5", "BTH5\BTH5.csproj", "{844BAF23-93D7-44E1-B6C1-0F47B3D37300}"
EndProject
Global
	GlobalSection(SolutionConfigurationPlatforms) = preSolution
		Debug|Any CPU = Debug|Any CPU
		Release|Any CPU = Release|Any CPU
	EndGlobalSection
	GlobalSection(ProjectConfigurationPlatforms) = postSolution
		{844BAF23-93D7-44E1-B6C1-0F47B3D37300}.Debug|Any CPU.ActiveCfg = Debug|Any CPU
		{844BAF23-93D7-44E1-B6C1-0F47B3D37300}.Debug|Any CPU.Build.0 = Debug|Any CPU
		{844BAF23-93D7-44E1-B6C1-0F47B3D37300}.Release|Any CPU.ActiveCfg = Release|Any CPU
		{844BAF23-93D7-44E1-B6C1-0F47B3D37300}.Release|Any CPU.Build.0 = Release|Any CPU
	EndGlobalSection
	GlobalSection(SolutionProperties) = preSolution
		HideSolutionNode = FALSE
	EndGlobalSection
	GlobalSection(ExtensibilityGlobals) = postSolution
		SolutionGuid = {D64CF0C1-377F-46F0-96E1-0BF1FAAB00F7}
	EndGlobalSection
EndGlobal
